
Microsoft Visual Studio Solution File, Format Version 12.00
# Visual Studio 2013
VisualStudioVersion = 12.0.40629.0
MinimumVisualStudioVersion = 10.0.40219.1
Project("{FAE04EC0-301F-11D3-BF4B-00C04F79EFBC}") = "Test", "Test\Test.csproj", "{16DFED70-5616-4FD4-9BE1-94D71E297C78}"
EndProject
Project("{FAE04EC0-301F-11D3-BF4B-00C04F79EFBC}") = "01. Generate Variations With Repetitions", "01. Generate Variations With Repetitions\01. Generate Variations With Repetitions.csproj", "{2D451511-DF27-4B53-8F44-558CC306665A}"
EndProject
Project("{FAE04EC0-301F-11D3-BF4B-00C04F79EFBC}") = "02. Variations Without Repetition", "02. Variations Without Repetition\02. Variations Without Repetition.csproj", "{A0CA61FF-62F5-4D10-BF59-E843DD3217C4}"
EndProject
Project("{FAE04EC0-301F-11D3-BF4B-00C04F79EFBC}") = "03. Generate Combinations With Repetitions", "03. Generate Combinations With Repetitions\03. Generate Combinations With Repetitions.csproj", "{497F935B-811A-4DA7-ADB0-1C89F9F8634F}"
EndProject
Project("{FAE04EC0-301F-11D3-BF4B-00C04F79EFBC}") = "04. Combinations Without Repetitions", "04. Combinations Without Repetitions\04. Combinations Without Repetitions.csproj", "{C18B0B32-A604-4854-94D9-946DFA6AB23D}"
EndProject
Project("{FAE04EC0-301F-11D3-BF4B-00C04F79EFBC}") = "05. Permutations", "05. Permutations\05. Permutations.csproj", "{7ECA28C5-0D23-4D25-B1A2-7807096300E9}"
EndProject
Global
	GlobalSection(SolutionConfigurationPlatforms) = preSolution
		Debug|Any CPU = Debug|Any CPU
		Release|Any CPU = Release|Any CPU
	EndGlobalSection
	GlobalSection(ProjectConfigurationPlatforms) = postSolution
		{16DFED70-5616-4FD4-9BE1-94D71E297C78}.Debug|Any CPU.ActiveCfg = Debug|Any CPU
		{16DFED70-5616-4FD4-9BE1-94D71E297C78}.Debug|Any CPU.Build.0 = Debug|Any CPU
		{16DFED70-5616-4FD4-9BE1-94D71E297C78}.Release|Any CPU.ActiveCfg = Release|Any CPU
		{16DFED70-5616-4FD4-9BE1-94D71E297C78}.Release|Any CPU.Build.0 = Release|Any CPU
		{2D451511-DF27-4B53-8F44-558CC306665A}.Debug|Any CPU.ActiveCfg = Debug|Any CPU
		{2D451511-DF27-4B53-8F44-558CC306665A}.Debug|Any CPU.Build.0 = Debug|Any CPU
		{2D451511-DF27-4B53-8F44-558CC306665A}.Release|Any CPU.ActiveCfg = Release|Any CPU
		{2D451511-DF27-4B53-8F44-558CC306665A}.Release|Any CPU.Build.0 = Release|Any CPU
		{A0CA61FF-62F5-4D10-BF59-E843DD3217C4}.Debug|Any CPU.ActiveCfg = Debug|Any CPU
		{A0CA61FF-62F5-4D10-BF59-E843DD3217C4}.Debug|Any CPU.Build.0 = Debug|Any CPU
		{A0CA61FF-62F5-4D10-BF59-E843DD3217C4}.Release|Any CPU.ActiveCfg = Release|Any CPU
		{A0CA61FF-62F5-4D10-BF59-E843DD3217C4}.Release|Any CPU.Build.0 = Release|Any CPU
		{497F935B-811A-4DA7-ADB0-1C89F9F8634F}.Debug|Any CPU.ActiveCfg = Debug|Any CPU
		{497F935B-811A-4DA7-ADB0-1C89F9F8634F}.Debug|Any CPU.Build.0 = Debug|Any CPU
		{497F935B-811A-4DA7-ADB0-1C89F9F8634F}.Release|Any CPU.ActiveCfg = Release|Any CPU
		{497F935B-811A-4DA7-ADB0-1C89F9F8634F}.Release|Any CPU.Build.0 = Release|Any CPU
		{C18B0B32-A604-4854-94D9-946DFA6AB23D}.Debug|Any CPU.ActiveCfg = Debug|Any CPU
		{C18B0B32-A604-4854-94D9-946DFA6AB23D}.Debug|Any CPU.Build.0 = Debug|Any CPU
		{C18B0B32-A604-4854-94D9-946DFA6AB23D}.Release|Any CPU.ActiveCfg = Release|Any CPU
		{C18B0B32-A604-4854-94D9-946DFA6AB23D}.Release|Any CPU.Build.0 = Release|Any CPU
		{7ECA28C5-0D23-4D25-B1A2-7807096300E9}.Debug|Any CPU.ActiveCfg = Debug|Any CPU
		{7ECA28C5-0D23-4D25-B1A2-7807096300E9}.Debug|Any CPU.Build.0 = Debug|Any CPU
		{7ECA28C5-0D23-4D25-B1A2-7807096300E9}.Release|Any CPU.ActiveCfg = Release|Any CPU
		{7ECA28C5-0D23-4D25-B1A2-7807096300E9}.Release|Any CPU.Build.0 = Release|Any CPU
	EndGlobalSection
	GlobalSection(SolutionProperties) = preSolution
		HideSolutionNode = FALSE
	EndGlobalSection
EndGlobal
