
Microsoft Visual Studio Solution File, Format Version 11.00
# Visual Studio 2010
Project("{FAE04EC0-301F-11D3-BF4B-00C04F79EFBC}") = "Book Shop Exercise", "Book Shop Exercise\Book Shop Exercise.csproj", "{4B65D5B5-C13F-41FE-9F2D-07D2B5F6CE72}"
EndProject
Project("{FAE04EC0-301F-11D3-BF4B-00C04F79EFBC}") = "Working With Abstraction Exercise", "Working With Abstraction Exercise\Working With Abstraction Exercise.csproj", "{C3D18B4A-69F9-4996-8485-AF32F080C27F}"
EndProject
Project("{FAE04EC0-301F-11D3-BF4B-00C04F79EFBC}") = "01. Human Student And Worker", "01. Human Student And Worker\01. Human Student And Worker.csproj", "{E0BDAD3D-CD74-4C83-ACD8-2EDB010E28A0}"
EndProject
Project("{FAE04EC0-301F-11D3-BF4B-00C04F79EFBC}") = "02. Animals", "02. Animals\02. Animals.csproj", "{94DA9ED3-E076-4869-830E-7094C97E0193}"
EndProject
Project("{FAE04EC0-301F-11D3-BF4B-00C04F79EFBC}") = "03. Company Hierarchy", "03. Company Hierarchy\03. Company Hierarchy.csproj", "{8C383881-5249-4C28-A0C7-7084A76F10C1}"
EndProject
Global
	GlobalSection(SolutionConfigurationPlatforms) = preSolution
		Debug|x86 = Debug|x86
		Release|x86 = Release|x86
	EndGlobalSection
	GlobalSection(ProjectConfigurationPlatforms) = postSolution
		{4B65D5B5-C13F-41FE-9F2D-07D2B5F6CE72}.Debug|x86.ActiveCfg = Debug|x86
		{4B65D5B5-C13F-41FE-9F2D-07D2B5F6CE72}.Debug|x86.Build.0 = Debug|x86
		{4B65D5B5-C13F-41FE-9F2D-07D2B5F6CE72}.Release|x86.ActiveCfg = Release|x86
		{4B65D5B5-C13F-41FE-9F2D-07D2B5F6CE72}.Release|x86.Build.0 = Release|x86
		{C3D18B4A-69F9-4996-8485-AF32F080C27F}.Debug|x86.ActiveCfg = Debug|x86
		{C3D18B4A-69F9-4996-8485-AF32F080C27F}.Debug|x86.Build.0 = Debug|x86
		{C3D18B4A-69F9-4996-8485-AF32F080C27F}.Release|x86.ActiveCfg = Release|x86
		{C3D18B4A-69F9-4996-8485-AF32F080C27F}.Release|x86.Build.0 = Release|x86
		{E0BDAD3D-CD74-4C83-ACD8-2EDB010E28A0}.Debug|x86.ActiveCfg = Debug|x86
		{E0BDAD3D-CD74-4C83-ACD8-2EDB010E28A0}.Debug|x86.Build.0 = Debug|x86
		{E0BDAD3D-CD74-4C83-ACD8-2EDB010E28A0}.Release|x86.ActiveCfg = Release|x86
		{E0BDAD3D-CD74-4C83-ACD8-2EDB010E28A0}.Release|x86.Build.0 = Release|x86
		{94DA9ED3-E076-4869-830E-7094C97E0193}.Debug|x86.ActiveCfg = Debug|x86
		{94DA9ED3-E076-4869-830E-7094C97E0193}.Debug|x86.Build.0 = Debug|x86
		{94DA9ED3-E076-4869-830E-7094C97E0193}.Release|x86.ActiveCfg = Release|x86
		{94DA9ED3-E076-4869-830E-7094C97E0193}.Release|x86.Build.0 = Release|x86
		{8C383881-5249-4C28-A0C7-7084A76F10C1}.Debug|x86.ActiveCfg = Debug|x86
		{8C383881-5249-4C28-A0C7-7084A76F10C1}.Debug|x86.Build.0 = Debug|x86
		{8C383881-5249-4C28-A0C7-7084A76F10C1}.Release|x86.ActiveCfg = Release|x86
		{8C383881-5249-4C28-A0C7-7084A76F10C1}.Release|x86.Build.0 = Release|x86
	EndGlobalSection
	GlobalSection(SolutionProperties) = preSolution
		HideSolutionNode = FALSE
	EndGlobalSection
EndGlobal
