
Microsoft Visual Studio Solution File, Format Version 12.00
# Visual Studio 2013
VisualStudioVersion = 12.0.40629.0
MinimumVisualStudioVersion = 10.0.40219.1
Project("{FAE04EC0-301F-11D3-BF4B-00C04F79EFBC}") = "01. Instruction Set", "01. Instruction Set\01. Instruction Set.csproj", "{89D93C3D-0B0D-467A-8C45-C0568A831879}"
EndProject
Project("{FAE04EC0-301F-11D3-BF4B-00C04F79EFBC}") = "02. Be Positive", "02. Be Positive\02. Be Positive.csproj", "{1894B442-B7B1-4CF5-AD83-BEDFCB965797}"
EndProject
Project("{FAE04EC0-301F-11D3-BF4B-00C04F79EFBC}") = "03. Array Test", "03. Array Test\03. Array Test.csproj", "{8CA50573-7156-4B2E-9A43-66921B840CE7}"
EndProject
Project("{FAE04EC0-301F-11D3-BF4B-00C04F79EFBC}") = "04. Substring", "04. Substring\04. Substring.csproj", "{0CCF1F1C-C9E5-4CC7-9933-48FEEDE1B58D}"
EndProject
Global
	GlobalSection(SolutionConfigurationPlatforms) = preSolution
		Debug|Any CPU = Debug|Any CPU
		Release|Any CPU = Release|Any CPU
	EndGlobalSection
	GlobalSection(ProjectConfigurationPlatforms) = postSolution
		{89D93C3D-0B0D-467A-8C45-C0568A831879}.Debug|Any CPU.ActiveCfg = Debug|Any CPU
		{89D93C3D-0B0D-467A-8C45-C0568A831879}.Debug|Any CPU.Build.0 = Debug|Any CPU
		{89D93C3D-0B0D-467A-8C45-C0568A831879}.Release|Any CPU.ActiveCfg = Release|Any CPU
		{89D93C3D-0B0D-467A-8C45-C0568A831879}.Release|Any CPU.Build.0 = Release|Any CPU
		{1894B442-B7B1-4CF5-AD83-BEDFCB965797}.Debug|Any CPU.ActiveCfg = Debug|Any CPU
		{1894B442-B7B1-4CF5-AD83-BEDFCB965797}.Debug|Any CPU.Build.0 = Debug|Any CPU
		{1894B442-B7B1-4CF5-AD83-BEDFCB965797}.Release|Any CPU.ActiveCfg = Release|Any CPU
		{1894B442-B7B1-4CF5-AD83-BEDFCB965797}.Release|Any CPU.Build.0 = Release|Any CPU
		{8CA50573-7156-4B2E-9A43-66921B840CE7}.Debug|Any CPU.ActiveCfg = Debug|Any CPU
		{8CA50573-7156-4B2E-9A43-66921B840CE7}.Debug|Any CPU.Build.0 = Debug|Any CPU
		{8CA50573-7156-4B2E-9A43-66921B840CE7}.Release|Any CPU.ActiveCfg = Release|Any CPU
		{8CA50573-7156-4B2E-9A43-66921B840CE7}.Release|Any CPU.Build.0 = Release|Any CPU
		{0CCF1F1C-C9E5-4CC7-9933-48FEEDE1B58D}.Debug|Any CPU.ActiveCfg = Debug|Any CPU
		{0CCF1F1C-C9E5-4CC7-9933-48FEEDE1B58D}.Debug|Any CPU.Build.0 = Debug|Any CPU
		{0CCF1F1C-C9E5-4CC7-9933-48FEEDE1B58D}.Release|Any CPU.ActiveCfg = Release|Any CPU
		{0CCF1F1C-C9E5-4CC7-9933-48FEEDE1B58D}.Release|Any CPU.Build.0 = Release|Any CPU
	EndGlobalSection
	GlobalSection(SolutionProperties) = preSolution
		HideSolutionNode = FALSE
	EndGlobalSection
EndGlobal
